
Microsoft Visual Studio Solution File, Format Version 12.00
# Visual Studio 2013
VisualStudioVersion = 12.0.30723.0
MinimumVisualStudioVersion = 10.0.40219.1
Project("{8BC9CEB8-8B4A-11D0-8D11-00A0C91BC942}") = "PerformanceStatistics", "src\PerformanceStatistics\PerformanceStatistics.vcxproj", "{C882E9C5-379E-4FEA-B0FB-535798FB6C66}"
EndProject
Project("{8BC9CEB8-8B4A-11D0-8D11-00A0C91BC942}") = "01_Fibonacci", "src\01_Fibonacci\01_Fibonacci.vcxproj", "{4738BCB0-C8D4-4917-892E-11A4CCDBDC79}"
	ProjectSection(ProjectDependencies) = postProject
		{C882E9C5-379E-4FEA-B0FB-535798FB6C66} = {C882E9C5-379E-4FEA-B0FB-535798FB6C66}
	EndProjectSection
EndProject
Project("{8BC9CEB8-8B4A-11D0-8D11-00A0C91BC942}") = "01_Permutation", "src\01_Permutation\01_Permutation.vcxproj", "{9A277B82-2EA9-484F-8425-C70A1659C4B1}"
EndProject
Project("{8BC9CEB8-8B4A-11D0-8D11-00A0C91BC942}") = "01_Subset", "src\01_Subset\01_Subset.vcxproj", "{4AAFC31C-F465-4109-93D6-AF7EA36AF879}"
EndProject
Project("{8BC9CEB8-8B4A-11D0-8D11-00A0C91BC942}") = "01_Currency", "src\01_Currency\01_Currency.vcxproj", "{876BEFAD-B098-47CA-8F65-AF6D90975CFE}"
EndProject
Project("{8BC9CEB8-8B4A-11D0-8D11-00A0C91BC942}") = "Trial", "src\Trial\Trial.vcxproj", "{AA812970-8040-4D58-8811-B0BEB8C7B6FF}"
EndProject
Project("{8BC9CEB8-8B4A-11D0-8D11-00A0C91BC942}") = "02_RankSort", "src\02_RankSort\02_RankSort.vcxproj", "{8DA0B896-C9F1-4FD5-B5C1-4BD981AE7C8A}"
EndProject
Project("{8BC9CEB8-8B4A-11D0-8D11-00A0C91BC942}") = "02_SelectionSort", "src\02_SelectionSort\02_SelectionSort.vcxproj", "{FC1F4576-95BB-4CA4-A1B7-6C2856CEBB86}"
EndProject
Project("{8BC9CEB8-8B4A-11D0-8D11-00A0C91BC942}") = "02_BubbleSort", "src\02_BubbleSort\02_BubbleSort.vcxproj", "{536C87EF-A4BE-4FAA-95CA-D3E811C5399E}"
EndProject
Project("{8BC9CEB8-8B4A-11D0-8D11-00A0C91BC942}") = "02_InsertionSort", "src\02_InsertionSort\02_InsertionSort.vcxproj", "{D51E023C-56A9-4591-B118-4496FD3A0214}"
EndProject
Project("{8BC9CEB8-8B4A-11D0-8D11-00A0C91BC942}") = "02_BinarySearch", "src\02_BinarySearch\02_BinarySearch.vcxproj", "{BCD1A7EA-F7BD-4B04-A613-ECBBBF9CB28A}"
EndProject
Project("{8BC9CEB8-8B4A-11D0-8D11-00A0C91BC942}") = "03_LinearList", "src\03_LinearList\03_LinearList.vcxproj", "{753935E4-1284-4D24-BA94-F1AF6D58D179}"
EndProject
Project("{8BC9CEB8-8B4A-11D0-8D11-00A0C91BC942}") = "03_SinglyLinkedList", "src\03_SinglyLinkedList\03_SinglyLinkedList.vcxproj", "{EC5C7D6D-6A3D-4822-A0EE-D582BFC8E094}"
	ProjectSection(ProjectDependencies) = postProject
		{EB34778B-E640-45B5-9525-2A34552FC311} = {EB34778B-E640-45B5-9525-2A34552FC311}
		{C882E9C5-379E-4FEA-B0FB-535798FB6C66} = {C882E9C5-379E-4FEA-B0FB-535798FB6C66}
	EndProjectSection
EndProject
Project("{8BC9CEB8-8B4A-11D0-8D11-00A0C91BC942}") = "Utility", "src\Utility\Utility.vcxproj", "{EB34778B-E640-45B5-9525-2A34552FC311}"
EndProject
Project("{8BC9CEB8-8B4A-11D0-8D11-00A0C91BC942}") = "03_SimulatedPointer", "src\03_SimulatedPointer\03_SimulatedPointer.vcxproj", "{E04D447D-F56D-48FB-BA3B-EB6C40F51ABC}"
EndProject
Project("{8BC9CEB8-8B4A-11D0-8D11-00A0C91BC942}") = "04_Array", "src\04_Array\04_Array.vcxproj", "{B8213F1F-75BA-48BE-A641-AF81B02C0FD6}"
EndProject
Project("{8BC9CEB8-8B4A-11D0-8D11-00A0C91BC942}") = "04_Matrix", "src\04_Matrix\04_Matrix.vcxproj", "{60526E52-317B-48DC-A2A7-C71CF6A48DB6}"
EndProject
Project("{8BC9CEB8-8B4A-11D0-8D11-00A0C91BC942}") = "04_SparseMatrix", "src\04_SparseMatrix\04_SparseMatrix.vcxproj", "{30CD3DE2-3CB5-4E5C-B65C-91DB0744DA21}"
EndProject
Project("{8BC9CEB8-8B4A-11D0-8D11-00A0C91BC942}") = "04_SparseMatrixLinked", "src\04_SparseMatrixLinked\04_SparseMatrixLinked.vcxproj", "{0D9AED32-08FB-483C-AFAE-150AE378C2DA}"
EndProject
Project("{8BC9CEB8-8B4A-11D0-8D11-00A0C91BC942}") = "04_SparseMatrixStdList", "src\04_SparseMatrixStdList\04_SparseMatrixStdList.vcxproj", "{AD4A62CB-09CC-49C2-8A37-F39BCEA2F361}"
EndProject
Project("{8BC9CEB8-8B4A-11D0-8D11-00A0C91BC942}") = "05_StackLinearList", "src\05_StackLinearList\05_StackLinearList.vcxproj", "{0AE3FB3D-6009-4633-A665-174A8D8A27FD}"
EndProject
Project("{8BC9CEB8-8B4A-11D0-8D11-00A0C91BC942}") = "05_StackLinkedList", "src\05_StackLinkedList\05_StackLinkedList.vcxproj", "{820D8851-D8AC-4609-AE5B-0C03C8E4F43B}"
EndProject
Project("{8BC9CEB8-8B4A-11D0-8D11-00A0C91BC942}") = "05_StackLinkedListCustomized", "src\05_StackLinkedListCustomized\05_StackLinkedListCustomized.vcxproj", "{104C217A-AD35-41B3-B1B0-BD81D63DA6DE}"
EndProject
Project("{8BC9CEB8-8B4A-11D0-8D11-00A0C91BC942}") = "06_LinearQueue", "src\06_LinearQueue\06_LinearQueue.vcxproj", "{E2D11136-92DE-40B2-B1A4-57BBF09E68AF}"
EndProject
Project("{8BC9CEB8-8B4A-11D0-8D11-00A0C91BC942}") = "03_DoublyLinkedCircularList", "src\03_DoublyLinkedCircularList\03_DoublyLinkedCircularList.vcxproj", "{16D7EC97-7571-4E07-AAAC-284161565461}"
EndProject
Project("{8BC9CEB8-8B4A-11D0-8D11-00A0C91BC942}") = "06_LinkedListQueue", "src\06_LinkedListQueue\06_LinkedListQueue.vcxproj", "{7BD0AE3F-A9A1-45BC-B8BE-6571EE0C453D}"
EndProject
Project("{8BC9CEB8-8B4A-11D0-8D11-00A0C91BC942}") = "07_SkipList", "src\07_SkipList\07_SkipList.vcxproj", "{9F46829C-DB6B-47E2-B2CC-6D9FEA7A0DD0}"
EndProject
Project("{8BC9CEB8-8B4A-11D0-8D11-00A0C91BC942}") = "07_SortedChain", "src\07_SortedChain\07_SortedChain.vcxproj", "{9CEF4305-E487-4AEF-AC44-64B8BC9C0A2E}"
EndProject
Project("{8BC9CEB8-8B4A-11D0-8D11-00A0C91BC942}") = "07_SortedList", "src\07_SortedList\07_SortedList.vcxproj", "{99F90EB2-F8F5-482E-8980-E43AD82243BC}"
EndProject
Project("{8BC9CEB8-8B4A-11D0-8D11-00A0C91BC942}") = "07_HashTable", "src\07_HashTable\07_HashTable.vcxproj", "{933CB7D3-ED2B-4068-8F1C-C14CB1DD33F5}"
EndProject
Global
	GlobalSection(SolutionConfigurationPlatforms) = preSolution
		Debug|Win32 = Debug|Win32
		Release|Win32 = Release|Win32
	EndGlobalSection
	GlobalSection(ProjectConfigurationPlatforms) = postSolution
		{C882E9C5-379E-4FEA-B0FB-535798FB6C66}.Debug|Win32.ActiveCfg = Debug|Win32
		{C882E9C5-379E-4FEA-B0FB-535798FB6C66}.Debug|Win32.Build.0 = Debug|Win32
		{C882E9C5-379E-4FEA-B0FB-535798FB6C66}.Release|Win32.ActiveCfg = Release|Win32
		{C882E9C5-379E-4FEA-B0FB-535798FB6C66}.Release|Win32.Build.0 = Release|Win32
		{4738BCB0-C8D4-4917-892E-11A4CCDBDC79}.Debug|Win32.ActiveCfg = Debug|Win32
		{4738BCB0-C8D4-4917-892E-11A4CCDBDC79}.Debug|Win32.Build.0 = Debug|Win32
		{4738BCB0-C8D4-4917-892E-11A4CCDBDC79}.Release|Win32.ActiveCfg = Release|Win32
		{4738BCB0-C8D4-4917-892E-11A4CCDBDC79}.Release|Win32.Build.0 = Release|Win32
		{9A277B82-2EA9-484F-8425-C70A1659C4B1}.Debug|Win32.ActiveCfg = Debug|Win32
		{9A277B82-2EA9-484F-8425-C70A1659C4B1}.Debug|Win32.Build.0 = Debug|Win32
		{9A277B82-2EA9-484F-8425-C70A1659C4B1}.Release|Win32.ActiveCfg = Release|Win32
		{9A277B82-2EA9-484F-8425-C70A1659C4B1}.Release|Win32.Build.0 = Release|Win32
		{4AAFC31C-F465-4109-93D6-AF7EA36AF879}.Debug|Win32.ActiveCfg = Debug|Win32
		{4AAFC31C-F465-4109-93D6-AF7EA36AF879}.Debug|Win32.Build.0 = Debug|Win32
		{4AAFC31C-F465-4109-93D6-AF7EA36AF879}.Release|Win32.ActiveCfg = Release|Win32
		{4AAFC31C-F465-4109-93D6-AF7EA36AF879}.Release|Win32.Build.0 = Release|Win32
		{876BEFAD-B098-47CA-8F65-AF6D90975CFE}.Debug|Win32.ActiveCfg = Debug|Win32
		{876BEFAD-B098-47CA-8F65-AF6D90975CFE}.Debug|Win32.Build.0 = Debug|Win32
		{876BEFAD-B098-47CA-8F65-AF6D90975CFE}.Release|Win32.ActiveCfg = Release|Win32
		{876BEFAD-B098-47CA-8F65-AF6D90975CFE}.Release|Win32.Build.0 = Release|Win32
		{AA812970-8040-4D58-8811-B0BEB8C7B6FF}.Debug|Win32.ActiveCfg = Debug|Win32
		{AA812970-8040-4D58-8811-B0BEB8C7B6FF}.Debug|Win32.Build.0 = Debug|Win32
		{AA812970-8040-4D58-8811-B0BEB8C7B6FF}.Release|Win32.ActiveCfg = Release|Win32
		{AA812970-8040-4D58-8811-B0BEB8C7B6FF}.Release|Win32.Build.0 = Release|Win32
		{8DA0B896-C9F1-4FD5-B5C1-4BD981AE7C8A}.Debug|Win32.ActiveCfg = Debug|Win32
		{8DA0B896-C9F1-4FD5-B5C1-4BD981AE7C8A}.Debug|Win32.Build.0 = Debug|Win32
		{8DA0B896-C9F1-4FD5-B5C1-4BD981AE7C8A}.Release|Win32.ActiveCfg = Release|Win32
		{8DA0B896-C9F1-4FD5-B5C1-4BD981AE7C8A}.Release|Win32.Build.0 = Release|Win32
		{FC1F4576-95BB-4CA4-A1B7-6C2856CEBB86}.Debug|Win32.ActiveCfg = Debug|Win32
		{FC1F4576-95BB-4CA4-A1B7-6C2856CEBB86}.Debug|Win32.Build.0 = Debug|Win32
		{FC1F4576-95BB-4CA4-A1B7-6C2856CEBB86}.Release|Win32.ActiveCfg = Release|Win32
		{FC1F4576-95BB-4CA4-A1B7-6C2856CEBB86}.Release|Win32.Build.0 = Release|Win32
		{536C87EF-A4BE-4FAA-95CA-D3E811C5399E}.Debug|Win32.ActiveCfg = Debug|Win32
		{536C87EF-A4BE-4FAA-95CA-D3E811C5399E}.Debug|Win32.Build.0 = Debug|Win32
		{536C87EF-A4BE-4FAA-95CA-D3E811C5399E}.Release|Win32.ActiveCfg = Release|Win32
		{536C87EF-A4BE-4FAA-95CA-D3E811C5399E}.Release|Win32.Build.0 = Release|Win32
		{D51E023C-56A9-4591-B118-4496FD3A0214}.Debug|Win32.ActiveCfg = Debug|Win32
		{D51E023C-56A9-4591-B118-4496FD3A0214}.Debug|Win32.Build.0 = Debug|Win32
		{D51E023C-56A9-4591-B118-4496FD3A0214}.Release|Win32.ActiveCfg = Release|Win32
		{D51E023C-56A9-4591-B118-4496FD3A0214}.Release|Win32.Build.0 = Release|Win32
		{BCD1A7EA-F7BD-4B04-A613-ECBBBF9CB28A}.Debug|Win32.ActiveCfg = Debug|Win32
		{BCD1A7EA-F7BD-4B04-A613-ECBBBF9CB28A}.Debug|Win32.Build.0 = Debug|Win32
		{BCD1A7EA-F7BD-4B04-A613-ECBBBF9CB28A}.Release|Win32.ActiveCfg = Release|Win32
		{BCD1A7EA-F7BD-4B04-A613-ECBBBF9CB28A}.Release|Win32.Build.0 = Release|Win32
		{753935E4-1284-4D24-BA94-F1AF6D58D179}.Debug|Win32.ActiveCfg = Debug|Win32
		{753935E4-1284-4D24-BA94-F1AF6D58D179}.Debug|Win32.Build.0 = Debug|Win32
		{753935E4-1284-4D24-BA94-F1AF6D58D179}.Release|Win32.ActiveCfg = Release|Win32
		{753935E4-1284-4D24-BA94-F1AF6D58D179}.Release|Win32.Build.0 = Release|Win32
		{EC5C7D6D-6A3D-4822-A0EE-D582BFC8E094}.Debug|Win32.ActiveCfg = Debug|Win32
		{EC5C7D6D-6A3D-4822-A0EE-D582BFC8E094}.Debug|Win32.Build.0 = Debug|Win32
		{EC5C7D6D-6A3D-4822-A0EE-D582BFC8E094}.Release|Win32.ActiveCfg = Release|Win32
		{EC5C7D6D-6A3D-4822-A0EE-D582BFC8E094}.Release|Win32.Build.0 = Release|Win32
		{EB34778B-E640-45B5-9525-2A34552FC311}.Debug|Win32.ActiveCfg = Debug|Win32
		{EB34778B-E640-45B5-9525-2A34552FC311}.Debug|Win32.Build.0 = Debug|Win32
		{EB34778B-E640-45B5-9525-2A34552FC311}.Release|Win32.ActiveCfg = Release|Win32
		{EB34778B-E640-45B5-9525-2A34552FC311}.Release|Win32.Build.0 = Release|Win32
		{E04D447D-F56D-48FB-BA3B-EB6C40F51ABC}.Debug|Win32.ActiveCfg = Debug|Win32
		{E04D447D-F56D-48FB-BA3B-EB6C40F51ABC}.Debug|Win32.Build.0 = Debug|Win32
		{E04D447D-F56D-48FB-BA3B-EB6C40F51ABC}.Release|Win32.ActiveCfg = Release|Win32
		{E04D447D-F56D-48FB-BA3B-EB6C40F51ABC}.Release|Win32.Build.0 = Release|Win32
		{B8213F1F-75BA-48BE-A641-AF81B02C0FD6}.Debug|Win32.ActiveCfg = Debug|Win32
		{B8213F1F-75BA-48BE-A641-AF81B02C0FD6}.Debug|Win32.Build.0 = Debug|Win32
		{B8213F1F-75BA-48BE-A641-AF81B02C0FD6}.Release|Win32.ActiveCfg = Release|Win32
		{B8213F1F-75BA-48BE-A641-AF81B02C0FD6}.Release|Win32.Build.0 = Release|Win32
		{60526E52-317B-48DC-A2A7-C71CF6A48DB6}.Debug|Win32.ActiveCfg = Debug|Win32
		{60526E52-317B-48DC-A2A7-C71CF6A48DB6}.Debug|Win32.Build.0 = Debug|Win32
		{60526E52-317B-48DC-A2A7-C71CF6A48DB6}.Release|Win32.ActiveCfg = Release|Win32
		{60526E52-317B-48DC-A2A7-C71CF6A48DB6}.Release|Win32.Build.0 = Release|Win32
		{30CD3DE2-3CB5-4E5C-B65C-91DB0744DA21}.Debug|Win32.ActiveCfg = Debug|Win32
		{30CD3DE2-3CB5-4E5C-B65C-91DB0744DA21}.Debug|Win32.Build.0 = Debug|Win32
		{30CD3DE2-3CB5-4E5C-B65C-91DB0744DA21}.Release|Win32.ActiveCfg = Release|Win32
		{30CD3DE2-3CB5-4E5C-B65C-91DB0744DA21}.Release|Win32.Build.0 = Release|Win32
		{0D9AED32-08FB-483C-AFAE-150AE378C2DA}.Debug|Win32.ActiveCfg = Debug|Win32
		{0D9AED32-08FB-483C-AFAE-150AE378C2DA}.Debug|Win32.Build.0 = Debug|Win32
		{0D9AED32-08FB-483C-AFAE-150AE378C2DA}.Release|Win32.ActiveCfg = Release|Win32
		{0D9AED32-08FB-483C-AFAE-150AE378C2DA}.Release|Win32.Build.0 = Release|Win32
		{AD4A62CB-09CC-49C2-8A37-F39BCEA2F361}.Debug|Win32.ActiveCfg = Debug|Win32
		{AD4A62CB-09CC-49C2-8A37-F39BCEA2F361}.Debug|Win32.Build.0 = Debug|Win32
		{AD4A62CB-09CC-49C2-8A37-F39BCEA2F361}.Release|Win32.ActiveCfg = Release|Win32
		{AD4A62CB-09CC-49C2-8A37-F39BCEA2F361}.Release|Win32.Build.0 = Release|Win32
		{0AE3FB3D-6009-4633-A665-174A8D8A27FD}.Debug|Win32.ActiveCfg = Debug|Win32
		{0AE3FB3D-6009-4633-A665-174A8D8A27FD}.Debug|Win32.Build.0 = Debug|Win32
		{0AE3FB3D-6009-4633-A665-174A8D8A27FD}.Release|Win32.ActiveCfg = Release|Win32
		{0AE3FB3D-6009-4633-A665-174A8D8A27FD}.Release|Win32.Build.0 = Release|Win32
		{820D8851-D8AC-4609-AE5B-0C03C8E4F43B}.Debug|Win32.ActiveCfg = Debug|Win32
		{820D8851-D8AC-4609-AE5B-0C03C8E4F43B}.Debug|Win32.Build.0 = Debug|Win32
		{820D8851-D8AC-4609-AE5B-0C03C8E4F43B}.Release|Win32.ActiveCfg = Release|Win32
		{820D8851-D8AC-4609-AE5B-0C03C8E4F43B}.Release|Win32.Build.0 = Release|Win32
		{104C217A-AD35-41B3-B1B0-BD81D63DA6DE}.Debug|Win32.ActiveCfg = Debug|Win32
		{104C217A-AD35-41B3-B1B0-BD81D63DA6DE}.Debug|Win32.Build.0 = Debug|Win32
		{104C217A-AD35-41B3-B1B0-BD81D63DA6DE}.Release|Win32.ActiveCfg = Release|Win32
		{104C217A-AD35-41B3-B1B0-BD81D63DA6DE}.Release|Win32.Build.0 = Release|Win32
		{E2D11136-92DE-40B2-B1A4-57BBF09E68AF}.Debug|Win32.ActiveCfg = Debug|Win32
		{E2D11136-92DE-40B2-B1A4-57BBF09E68AF}.Debug|Win32.Build.0 = Debug|Win32
		{E2D11136-92DE-40B2-B1A4-57BBF09E68AF}.Release|Win32.ActiveCfg = Release|Win32
		{E2D11136-92DE-40B2-B1A4-57BBF09E68AF}.Release|Win32.Build.0 = Release|Win32
		{16D7EC97-7571-4E07-AAAC-284161565461}.Debug|Win32.ActiveCfg = Debug|Win32
		{16D7EC97-7571-4E07-AAAC-284161565461}.Debug|Win32.Build.0 = Debug|Win32
		{16D7EC97-7571-4E07-AAAC-284161565461}.Release|Win32.ActiveCfg = Release|Win32
		{16D7EC97-7571-4E07-AAAC-284161565461}.Release|Win32.Build.0 = Release|Win32
		{7BD0AE3F-A9A1-45BC-B8BE-6571EE0C453D}.Debug|Win32.ActiveCfg = Debug|Win32
		{7BD0AE3F-A9A1-45BC-B8BE-6571EE0C453D}.Debug|Win32.Build.0 = Debug|Win32
		{7BD0AE3F-A9A1-45BC-B8BE-6571EE0C453D}.Release|Win32.ActiveCfg = Release|Win32
		{7BD0AE3F-A9A1-45BC-B8BE-6571EE0C453D}.Release|Win32.Build.0 = Release|Win32
		{9F46829C-DB6B-47E2-B2CC-6D9FEA7A0DD0}.Debug|Win32.ActiveCfg = Debug|Win32
		{9F46829C-DB6B-47E2-B2CC-6D9FEA7A0DD0}.Debug|Win32.Build.0 = Debug|Win32
		{9F46829C-DB6B-47E2-B2CC-6D9FEA7A0DD0}.Release|Win32.ActiveCfg = Release|Win32
		{9F46829C-DB6B-47E2-B2CC-6D9FEA7A0DD0}.Release|Win32.Build.0 = Release|Win32
		{9CEF4305-E487-4AEF-AC44-64B8BC9C0A2E}.Debug|Win32.ActiveCfg = Debug|Win32
		{9CEF4305-E487-4AEF-AC44-64B8BC9C0A2E}.Debug|Win32.Build.0 = Debug|Win32
		{9CEF4305-E487-4AEF-AC44-64B8BC9C0A2E}.Release|Win32.ActiveCfg = Release|Win32
		{9CEF4305-E487-4AEF-AC44-64B8BC9C0A2E}.Release|Win32.Build.0 = Release|Win32
		{99F90EB2-F8F5-482E-8980-E43AD82243BC}.Debug|Win32.ActiveCfg = Debug|Win32
		{99F90EB2-F8F5-482E-8980-E43AD82243BC}.Debug|Win32.Build.0 = Debug|Win32
		{99F90EB2-F8F5-482E-8980-E43AD82243BC}.Release|Win32.ActiveCfg = Release|Win32
		{99F90EB2-F8F5-482E-8980-E43AD82243BC}.Release|Win32.Build.0 = Release|Win32
		{933CB7D3-ED2B-4068-8F1C-C14CB1DD33F5}.Debug|Win32.ActiveCfg = Debug|Win32
		{933CB7D3-ED2B-4068-8F1C-C14CB1DD33F5}.Debug|Win32.Build.0 = Debug|Win32
		{933CB7D3-ED2B-4068-8F1C-C14CB1DD33F5}.Release|Win32.ActiveCfg = Release|Win32
		{933CB7D3-ED2B-4068-8F1C-C14CB1DD33F5}.Release|Win32.Build.0 = Release|Win32
	EndGlobalSection
	GlobalSection(SolutionProperties) = preSolution
		HideSolutionNode = FALSE
	EndGlobalSection
EndGlobal
